
Microsoft Visual Studio Solution File, Format Version 12.00
# Visual Studio Version 16
VisualStudioVersion = 16.0.808.3
MinimumVisualStudioVersion = 10.0.40219.1
Project("{FAE04EC0-301F-11D3-BF4B-00C04F79EFBC}") = "LectureLanguage", "LectureLanguage.csproj", "{01448F73-6F22-4C65-A7F4-65C816F97ED8}"
EndProject
Global
	GlobalSection(SolutionConfigurationPlatforms) = preSolution
		Debug|Any CPU = Debug|Any CPU
		Release|Any CPU = Release|Any CPU
	EndGlobalSection
	GlobalSection(ProjectConfigurationPlatforms) = postSolution
		{01448F73-6F22-4C65-A7F4-65C816F97ED8}.Debug|Any CPU.ActiveCfg = Debug|Any CPU
		{01448F73-6F22-4C65-A7F4-65C816F97ED8}.Debug|Any CPU.Build.0 = Debug|Any CPU
		{01448F73-6F22-4C65-A7F4-65C816F97ED8}.Release|Any CPU.ActiveCfg = Release|Any CPU
		{01448F73-6F22-4C65-A7F4-65C816F97ED8}.Release|Any CPU.Build.0 = Release|Any CPU
	EndGlobalSection
	GlobalSection(SolutionProperties) = preSolution
		HideSolutionNode = FALSE
	EndGlobalSection
	GlobalSection(ExtensibilityGlobals) = postSolution
		SolutionGuid = {C58DE503-9EFD-4E0C-B876-132EE7E56467}
	EndGlobalSection
EndGlobal
